{
  "requires": true,
  "lockfileVersion": 1,
  "dependencies": {
    "emojify.js": {
      "version": "1.1.0",
      "resolved": "https://registry.npmjs.org/emojify.js/-/emojify.js-1.1.0.tgz",
      "integrity": "sha1-B5//IjMHyQB/VweF6OSTXVw5i+s="
    },
    "emojione": {
      "version": "4.5.0",
      "resolved": "https://registry.npmjs.org/emojione/-/emojione-4.5.0.tgz",
      "integrity": "sha512-Tq55Y3UgPOnayFDN+Qd6QMP0rpoH10a1nhSFN27s8gXW3qymgFIHiXys2ECYYAI134BafmI3qP9ni2rZOe9BjA=="
    },
    "emojionearea": {
      "version": "3.0.0",
      "resolved": "https://registry.npmjs.org/emojionearea/-/emojionearea-3.0.0.tgz",
      "integrity": "sha1-9GVbhC0a5WQwXUqujZddzYjpoyo=",
      "requires": {
        "emojione": ">=2.0.1",
        "jquery": ">=1.8.3",
        "jquery-textcomplete": ">=1.3.4"
      }
    },
    "jquery": {
      "version": "3.4.1",
      "resolved": "https://registry.npmjs.org/jquery/-/jquery-3.4.1.tgz",
      "integrity": "sha512-36+AdBzCL+y6qjw5Tx7HgzeGCzC81MDDgaUP8ld2zhx58HdqXGoBd+tHdrBMiyjGQs0Hxs/MLZTu/eHNJJuWPw=="
    },
    "jquery-textcomplete": {
      "version": "1.8.5",
      "resolved": "https://registry.npmjs.org/jquery-textcomplete/-/jquery-textcomplete-1.8.5.tgz",
      "integrity": "sha512-WctSUxFk7GF5Tx2gHeVKrpkQ9tsV7mibBJ0AYNwEx+Zx3ZoUQgU5grkBXY3SCqpq/owMAMEvksN96DBSWT4PSg=="
    }
  }
}
